
Microsoft Visual Studio Solution File, Format Version 12.00
# Visual Studio Version 17
VisualStudioVersion = 17.4.33103.184
MinimumVisualStudioVersion = 10.0.40219.1
Project("{9A19103F-16F7-4668-BE54-9A1E7A4F7556}") = "DesignPatterns", "DesignPatterns\DesignPatterns.csproj", "{78DC457A-5408-4B34-8A24-E3FA8A194F8C}"
EndProject
Project("{9A19103F-16F7-4668-BE54-9A1E7A4F7556}") = "Factory", "Factory\Factory.csproj", "{20C3629B-DDBC-4835-80AD-FE631C3833CF}"
EndProject
Project("{FAE04EC0-301F-11D3-BF4B-00C04F79EFBC}") = "Builder", "Builder\Builder.csproj", "{120AF68F-134C-43AD-8432-3A9718A04548}"
EndProject
Project("{2150E333-8FDC-42A3-9474-1A3956D46DE8}") = "Solution Items", "Solution Items", "{267D71D3-8CA4-4108-BDFF-BAAD8D775C41}"
	ProjectSection(SolutionItems) = preProject
		.editorconfig = .editorconfig
	EndProjectSection
EndProject
Global
	GlobalSection(SolutionConfigurationPlatforms) = preSolution
		Debug|Any CPU = Debug|Any CPU
		Release|Any CPU = Release|Any CPU
	EndGlobalSection
	GlobalSection(ProjectConfigurationPlatforms) = postSolution
		{78DC457A-5408-4B34-8A24-E3FA8A194F8C}.Debug|Any CPU.ActiveCfg = Debug|Any CPU
		{78DC457A-5408-4B34-8A24-E3FA8A194F8C}.Debug|Any CPU.Build.0 = Debug|Any CPU
		{78DC457A-5408-4B34-8A24-E3FA8A194F8C}.Release|Any CPU.ActiveCfg = Release|Any CPU
		{78DC457A-5408-4B34-8A24-E3FA8A194F8C}.Release|Any CPU.Build.0 = Release|Any CPU
		{20C3629B-DDBC-4835-80AD-FE631C3833CF}.Debug|Any CPU.ActiveCfg = Debug|Any CPU
		{20C3629B-DDBC-4835-80AD-FE631C3833CF}.Debug|Any CPU.Build.0 = Debug|Any CPU
		{20C3629B-DDBC-4835-80AD-FE631C3833CF}.Release|Any CPU.ActiveCfg = Release|Any CPU
		{20C3629B-DDBC-4835-80AD-FE631C3833CF}.Release|Any CPU.Build.0 = Release|Any CPU
		{120AF68F-134C-43AD-8432-3A9718A04548}.Debug|Any CPU.ActiveCfg = Debug|Any CPU
		{120AF68F-134C-43AD-8432-3A9718A04548}.Debug|Any CPU.Build.0 = Debug|Any CPU
		{120AF68F-134C-43AD-8432-3A9718A04548}.Release|Any CPU.ActiveCfg = Release|Any CPU
		{120AF68F-134C-43AD-8432-3A9718A04548}.Release|Any CPU.Build.0 = Release|Any CPU
	EndGlobalSection
	GlobalSection(SolutionProperties) = preSolution
		HideSolutionNode = FALSE
	EndGlobalSection
	GlobalSection(ExtensibilityGlobals) = postSolution
		SolutionGuid = {60B66383-AC15-4556-AB71-35E8C283F3F3}
	EndGlobalSection
EndGlobal
